
Microsoft Visual Studio Solution File, Format Version 12.00
# Visual Studio 2013
VisualStudioVersion = 12.0.31101.0
MinimumVisualStudioVersion = 10.0.40219.1
Project("{00D1A9C2-B5F0-4AF3-8072-F6C62B433612}") = "Prog6_EindOpdracht.Database", "Prog6_Eindopdracht_Database\Prog6_EindOpdracht.Database.sqlproj", "{F91A5C60-87E6-45FB-B6FB-BF9BA0217097}"
EndProject
Project("{FAE04EC0-301F-11D3-BF4B-00C04F79EFBC}") = "Prog6_Eindopdracht.WPF", "Prog6_Eindopdracht.WPF\Prog6_Eindopdracht.WPF.csproj", "{45655020-9923-4E7A-A4C8-3BDD2CEFF8A9}"
EndProject
Project("{FAE04EC0-301F-11D3-BF4B-00C04F79EFBC}") = "Prog6_Eindopdracht.ASP", "Prog6_Eindopdracht.ASP\Prog6_Eindopdracht.ASP.csproj", "{75642358-CDF4-48D3-A873-FF0114F94819}"
EndProject
Project("{FAE04EC0-301F-11D3-BF4B-00C04F79EFBC}") = "Prog6_Eindopdracht.Tests", "Prog6_Eindopdracht.Tests\Prog6_Eindopdracht.Tests.csproj", "{DA5F2245-06E4-416C-BC1E-D1F4465DDB57}"
EndProject
Project("{FAE04EC0-301F-11D3-BF4B-00C04F79EFBC}") = "TamagotchiService", "TamagotchiService\TamagotchiService.csproj", "{0BEE516B-369A-479D-9FBE-05711E0DB594}"
EndProject
Project("{FAE04EC0-301F-11D3-BF4B-00C04F79EFBC}") = "TamagotchiUpdater", "TamagotchiUpdater\TamagotchiUpdater.csproj", "{77DF0D4B-1C07-407E-A304-A660F5344D6A}"
EndProject
Global
	GlobalSection(SolutionConfigurationPlatforms) = preSolution
		Debug|Any CPU = Debug|Any CPU
		Release|Any CPU = Release|Any CPU
	EndGlobalSection
	GlobalSection(ProjectConfigurationPlatforms) = postSolution
		{F91A5C60-87E6-45FB-B6FB-BF9BA0217097}.Debug|Any CPU.ActiveCfg = Debug|Any CPU
		{F91A5C60-87E6-45FB-B6FB-BF9BA0217097}.Debug|Any CPU.Build.0 = Debug|Any CPU
		{F91A5C60-87E6-45FB-B6FB-BF9BA0217097}.Debug|Any CPU.Deploy.0 = Debug|Any CPU
		{F91A5C60-87E6-45FB-B6FB-BF9BA0217097}.Release|Any CPU.ActiveCfg = Release|Any CPU
		{F91A5C60-87E6-45FB-B6FB-BF9BA0217097}.Release|Any CPU.Build.0 = Release|Any CPU
		{F91A5C60-87E6-45FB-B6FB-BF9BA0217097}.Release|Any CPU.Deploy.0 = Release|Any CPU
		{45655020-9923-4E7A-A4C8-3BDD2CEFF8A9}.Debug|Any CPU.ActiveCfg = Debug|Any CPU
		{45655020-9923-4E7A-A4C8-3BDD2CEFF8A9}.Debug|Any CPU.Build.0 = Debug|Any CPU
		{45655020-9923-4E7A-A4C8-3BDD2CEFF8A9}.Release|Any CPU.ActiveCfg = Release|Any CPU
		{45655020-9923-4E7A-A4C8-3BDD2CEFF8A9}.Release|Any CPU.Build.0 = Release|Any CPU
		{75642358-CDF4-48D3-A873-FF0114F94819}.Debug|Any CPU.ActiveCfg = Debug|Any CPU
		{75642358-CDF4-48D3-A873-FF0114F94819}.Debug|Any CPU.Build.0 = Debug|Any CPU
		{75642358-CDF4-48D3-A873-FF0114F94819}.Release|Any CPU.ActiveCfg = Release|Any CPU
		{75642358-CDF4-48D3-A873-FF0114F94819}.Release|Any CPU.Build.0 = Release|Any CPU
		{DA5F2245-06E4-416C-BC1E-D1F4465DDB57}.Debug|Any CPU.ActiveCfg = Debug|Any CPU
		{DA5F2245-06E4-416C-BC1E-D1F4465DDB57}.Debug|Any CPU.Build.0 = Debug|Any CPU
		{DA5F2245-06E4-416C-BC1E-D1F4465DDB57}.Release|Any CPU.ActiveCfg = Release|Any CPU
		{DA5F2245-06E4-416C-BC1E-D1F4465DDB57}.Release|Any CPU.Build.0 = Release|Any CPU
		{0BEE516B-369A-479D-9FBE-05711E0DB594}.Debug|Any CPU.ActiveCfg = Debug|Any CPU
		{0BEE516B-369A-479D-9FBE-05711E0DB594}.Debug|Any CPU.Build.0 = Debug|Any CPU
		{0BEE516B-369A-479D-9FBE-05711E0DB594}.Release|Any CPU.ActiveCfg = Release|Any CPU
		{0BEE516B-369A-479D-9FBE-05711E0DB594}.Release|Any CPU.Build.0 = Release|Any CPU
		{77DF0D4B-1C07-407E-A304-A660F5344D6A}.Debug|Any CPU.ActiveCfg = Debug|Any CPU
		{77DF0D4B-1C07-407E-A304-A660F5344D6A}.Debug|Any CPU.Build.0 = Debug|Any CPU
		{77DF0D4B-1C07-407E-A304-A660F5344D6A}.Release|Any CPU.ActiveCfg = Release|Any CPU
		{77DF0D4B-1C07-407E-A304-A660F5344D6A}.Release|Any CPU.Build.0 = Release|Any CPU
	EndGlobalSection
	GlobalSection(SolutionProperties) = preSolution
		HideSolutionNode = FALSE
	EndGlobalSection
EndGlobal
